{
    "version": 3,
    "terraform_version": "0.11.13",
    "serial": 11,
    "lineage": "0dbb17e8-3346-4f4e-06a1-2c86de99c38a",
    "modules": [
        {
            "path": [
                "root"
            ],
            "outputs": {},
            "resources": {},
            "depends_on": []
        },
        {
            "path": [
                "root",
                "eu-central-1-kp"
            ],
            "outputs": {},
            "resources": {
                "aws_key_pair.udemy-keypair": {
                    "type": "aws_key_pair",
                    "depends_on": [],
                    "primary": {
                        "id": "aws-foundation-private-key",
                        "attributes": {
                            "fingerprint": "95:b0:b6:38:25:87:96:05:29:fe:3f:5f:89:9a:5f:20",
                            "id": "aws-foundation-private-key",
                            "key_name": "aws-foundation-private-key",
                            "public_key": "ssh-rsa AAAAB3NzaC1yc2EAAAADAQABAAABAQDVwfk6s3HP5mXMSxRmR7hQbEzuIsafBPYviCBYAb8vKZMsplrCEm/AJyXO0TvPriS+5m3FP3zdUy6yvun1CR9S5Km8y0BzCOo3jKYibDORuQCnUJAUCr6g7SRMnlXrnha6fjZlr9vYq7X3A/WFvRapqKtS29nqe8ScT55FgIP8u8x+T++w7dXoKyOAO0GUmlOLLuTGzRHKG6ORqYi2WJFp4OuCIJUjfIBMSU5ayhzqUuG/G9bs5bbSnC6DYbk5X7kEFcH6xyYMJYvky26rc/M+x/xkvf7gn7xsAv3ODDzMYmbxup+MTrm2YBYxp0EfWW/RCBUX22qsKovTVwKK/RMz ferdi@studio-pc"
                        },
                        "meta": {
                            "schema_version": "1"
                        },
                        "tainted": false
                    },
                    "deposed": [],
                    "provider": "provider.aws.eu-central-1"
                }
            },
            "depends_on": []
        },
        {
            "path": [
                "root",
                "eu-central-1-sg"
            ],
            "outputs": {},
            "resources": {
                "aws_security_group.udemy-sg": {
                    "type": "aws_security_group",
                    "depends_on": [],
                    "primary": {
                        "id": "sg-0a127c85db4e28146",
                        "attributes": {
                            "arn": "arn:aws:ec2:eu-central-1:044137893184:security-group/sg-0a127c85db4e28146",
                            "description": "SSH and HTTP",
                            "egress.#": "1",
                            "egress.482069346.cidr_blocks.#": "1",
                            "egress.482069346.cidr_blocks.0": "0.0.0.0/0",
                            "egress.482069346.description": "",
                            "egress.482069346.from_port": "0",
                            "egress.482069346.ipv6_cidr_blocks.#": "0",
                            "egress.482069346.prefix_list_ids.#": "0",
                            "egress.482069346.protocol": "-1",
                            "egress.482069346.security_groups.#": "0",
                            "egress.482069346.self": "false",
                            "egress.482069346.to_port": "0",
                            "id": "sg-0a127c85db4e28146",
                            "ingress.#": "2",
                            "ingress.2214680975.cidr_blocks.#": "1",
                            "ingress.2214680975.cidr_blocks.0": "0.0.0.0/0",
                            "ingress.2214680975.description": "",
                            "ingress.2214680975.from_port": "80",
                            "ingress.2214680975.ipv6_cidr_blocks.#": "0",
                            "ingress.2214680975.prefix_list_ids.#": "0",
                            "ingress.2214680975.protocol": "tcp",
                            "ingress.2214680975.security_groups.#": "0",
                            "ingress.2214680975.self": "false",
                            "ingress.2214680975.to_port": "80",
                            "ingress.2541437006.cidr_blocks.#": "1",
                            "ingress.2541437006.cidr_blocks.0": "0.0.0.0/0",
                            "ingress.2541437006.description": "",
                            "ingress.2541437006.from_port": "22",
                            "ingress.2541437006.ipv6_cidr_blocks.#": "0",
                            "ingress.2541437006.prefix_list_ids.#": "0",
                            "ingress.2541437006.protocol": "tcp",
                            "ingress.2541437006.security_groups.#": "0",
                            "ingress.2541437006.self": "false",
                            "ingress.2541437006.to_port": "22",
                            "name": "udemy-webserver",
                            "owner_id": "044137893184",
                            "revoke_rules_on_delete": "false",
                            "tags.%": "1",
                            "tags.Name": "udemy-webserver",
                            "vpc_id": "vpc-dc4dc4b7"
                        },
                        "meta": {
                            "e2bfb730-ecaa-11e6-8f88-34363bc7c4c0": {
                                "create": 600000000000,
                                "delete": 600000000000
                            },
                            "schema_version": "1"
                        },
                        "tainted": false
                    },
                    "deposed": [],
                    "provider": "provider.aws.eu-central-1"
                }
            },
            "depends_on": []
        },
        {
            "path": [
                "root",
                "eu-central-1-vm"
            ],
            "outputs": {},
            "resources": {
                "aws_instance.my-instance": {
                    "type": "aws_instance",
                    "depends_on": [],
                    "primary": {
                        "id": "i-0ca7abc3e259c8ab0",
                        "attributes": {
                            "ami": "ami-0cc293023f983ed53",
                            "arn": "arn:aws:ec2:eu-central-1:044137893184:instance/i-0ca7abc3e259c8ab0",
                            "associate_public_ip_address": "true",
                            "availability_zone": "eu-central-1b",
                            "cpu_core_count": "1",
                            "cpu_threads_per_core": "1",
                            "credit_specification.#": "1",
                            "credit_specification.0.cpu_credits": "standard",
                            "disable_api_termination": "false",
                            "ebs_block_device.#": "0",
                            "ebs_optimized": "false",
                            "ephemeral_block_device.#": "0",
                            "get_password_data": "false",
                            "iam_instance_profile": "",
                            "id": "i-0ca7abc3e259c8ab0",
                            "instance_state": "running",
                            "instance_type": "t2.micro",
                            "ipv6_address_count": "0",
                            "ipv6_addresses.#": "0",
                            "key_name": "aws-foundation-private-key",
                            "monitoring": "false",
                            "network_interface.#": "0",
                            "password_data": "",
                            "placement_group": "",
                            "primary_network_interface_id": "eni-0b399e2a39b6e7039",
                            "private_dns": "ip-172-31-35-242.eu-central-1.compute.internal",
                            "private_ip": "172.31.35.242",
                            "public_dns": "ec2-18-194-75-22.eu-central-1.compute.amazonaws.com",
                            "public_ip": "18.194.75.22",
                            "root_block_device.#": "1",
                            "root_block_device.0.delete_on_termination": "true",
                            "root_block_device.0.iops": "100",
                            "root_block_device.0.volume_id": "vol-0c9ff44be6af7399a",
                            "root_block_device.0.volume_size": "8",
                            "root_block_device.0.volume_type": "gp2",
                            "security_groups.#": "1",
                            "security_groups.383495701": "udemy-webserver",
                            "source_dest_check": "true",
                            "subnet_id": "subnet-ecd35591",
                            "tags.%": "1",
                            "tags.Name": "udemy-webserver1",
                            "tenancy": "default",
                            "user_data": "7d53138a4658904ef55d33576578d50f630a103a",
                            "volume_tags.%": "0",
                            "vpc_security_group_ids.#": "1",
                            "vpc_security_group_ids.1618520687": "sg-0a127c85db4e28146"
                        },
                        "meta": {
                            "e2bfb730-ecaa-11e6-8f88-34363bc7c4c0": {
                                "create": 600000000000,
                                "delete": 1200000000000,
                                "update": 600000000000
                            },
                            "schema_version": "1"
                        },
                        "tainted": false
                    },
                    "deposed": [],
                    "provider": "provider.aws.eu-central-1"
                }
            },
            "depends_on": []
        },
        {
            "path": [
                "root",
                "eu-west-1-kp"
            ],
            "outputs": {},
            "resources": {
                "aws_key_pair.udemy-keypair": {
                    "type": "aws_key_pair",
                    "depends_on": [],
                    "primary": {
                        "id": "aws-foundation-private-key",
                        "attributes": {
                            "fingerprint": "95:b0:b6:38:25:87:96:05:29:fe:3f:5f:89:9a:5f:20",
                            "id": "aws-foundation-private-key",
                            "key_name": "aws-foundation-private-key",
                            "public_key": "ssh-rsa AAAAB3NzaC1yc2EAAAADAQABAAABAQDVwfk6s3HP5mXMSxRmR7hQbEzuIsafBPYviCBYAb8vKZMsplrCEm/AJyXO0TvPriS+5m3FP3zdUy6yvun1CR9S5Km8y0BzCOo3jKYibDORuQCnUJAUCr6g7SRMnlXrnha6fjZlr9vYq7X3A/WFvRapqKtS29nqe8ScT55FgIP8u8x+T++w7dXoKyOAO0GUmlOLLuTGzRHKG6ORqYi2WJFp4OuCIJUjfIBMSU5ayhzqUuG/G9bs5bbSnC6DYbk5X7kEFcH6xyYMJYvky26rc/M+x/xkvf7gn7xsAv3ODDzMYmbxup+MTrm2YBYxp0EfWW/RCBUX22qsKovTVwKK/RMz ferdi@studio-pc"
                        },
                        "meta": {
                            "schema_version": "1"
                        },
                        "tainted": false
                    },
                    "deposed": [],
                    "provider": "provider.aws.eu-west-1"
                }
            },
            "depends_on": []
        },
        {
            "path": [
                "root",
                "eu-west-1-sg"
            ],
            "outputs": {},
            "resources": {
                "aws_security_group.udemy-sg": {
                    "type": "aws_security_group",
                    "depends_on": [],
                    "primary": {
                        "id": "sg-05ed06e3cf6f0351c",
                        "attributes": {
                            "arn": "arn:aws:ec2:eu-west-1:044137893184:security-group/sg-05ed06e3cf6f0351c",
                            "description": "SSH and HTTP",
                            "egress.#": "1",
                            "egress.482069346.cidr_blocks.#": "1",
                            "egress.482069346.cidr_blocks.0": "0.0.0.0/0",
                            "egress.482069346.description": "",
                            "egress.482069346.from_port": "0",
                            "egress.482069346.ipv6_cidr_blocks.#": "0",
                            "egress.482069346.prefix_list_ids.#": "0",
                            "egress.482069346.protocol": "-1",
                            "egress.482069346.security_groups.#": "0",
                            "egress.482069346.self": "false",
                            "egress.482069346.to_port": "0",
                            "id": "sg-05ed06e3cf6f0351c",
                            "ingress.#": "2",
                            "ingress.2214680975.cidr_blocks.#": "1",
                            "ingress.2214680975.cidr_blocks.0": "0.0.0.0/0",
                            "ingress.2214680975.description": "",
                            "ingress.2214680975.from_port": "80",
                            "ingress.2214680975.ipv6_cidr_blocks.#": "0",
                            "ingress.2214680975.prefix_list_ids.#": "0",
                            "ingress.2214680975.protocol": "tcp",
                            "ingress.2214680975.security_groups.#": "0",
                            "ingress.2214680975.self": "false",
                            "ingress.2214680975.to_port": "80",
                            "ingress.2541437006.cidr_blocks.#": "1",
                            "ingress.2541437006.cidr_blocks.0": "0.0.0.0/0",
                            "ingress.2541437006.description": "",
                            "ingress.2541437006.from_port": "22",
                            "ingress.2541437006.ipv6_cidr_blocks.#": "0",
                            "ingress.2541437006.prefix_list_ids.#": "0",
                            "ingress.2541437006.protocol": "tcp",
                            "ingress.2541437006.security_groups.#": "0",
                            "ingress.2541437006.self": "false",
                            "ingress.2541437006.to_port": "22",
                            "name": "udemy-webserver",
                            "owner_id": "044137893184",
                            "revoke_rules_on_delete": "false",
                            "tags.%": "1",
                            "tags.Name": "udemy-webserver",
                            "vpc_id": "vpc-86fe77e0"
                        },
                        "meta": {
                            "e2bfb730-ecaa-11e6-8f88-34363bc7c4c0": {
                                "create": 600000000000,
                                "delete": 600000000000
                            },
                            "schema_version": "1"
                        },
                        "tainted": false
                    },
                    "deposed": [],
                    "provider": "provider.aws.eu-west-1"
                }
            },
            "depends_on": []
        }
    ]
}
